// !$*UTF8*$!
{
	archiveVersion = 1;
	classes = {
	};
	objectVersion = 46;
	objects = {

/* Begin PBXBuildFile section */
		4A62979A1C3FE5A300A0DE01 /* AppDelegate.swift in Sources */ = {isa = PBXBuildFile; fileRef = 4A6297991C3FE5A300A0DE01 /* AppDelegate.swift */; };
		4A62979C1C3FE5A300A0DE01 /* Assets.xcassets in Resources */ = {isa = PBXBuildFile; fileRef = 4A62979B1C3FE5A300A0DE01 /* Assets.xcassets */; };
		4A62979F1C3FE5A300A0DE01 /* MainMenu.xib in Resources */ = {isa = PBXBuildFile; fileRef = 4A62979D1C3FE5A300A0DE01 /* MainMenu.xib */; };
		4A6297AA1C3FE5A300A0DE01 /* RedmineWidgetTests.swift in Sources */ = {isa = PBXBuildFile; fileRef = 4A6297A91C3FE5A300A0DE01 /* RedmineWidgetTests.swift */; };
		4A6297D21C3FF8A700A0DE01 /* RedmineSettings.swift in Sources */ = {isa = PBXBuildFile; fileRef = 4A6297D11C3FF8A700A0DE01 /* RedmineSettings.swift */; };
		4A6297D91C40020000A0DE01 /* NotificationCenter.framework in Frameworks */ = {isa = PBXBuildFile; fileRef = 4A6297BA1C3FEE3A00A0DE01 /* NotificationCenter.framework */; };
		4A6297DE1C40020000A0DE01 /* TodayViewController.swift in Sources */ = {isa = PBXBuildFile; fileRef = 4A6297DD1C40020000A0DE01 /* TodayViewController.swift */; };
		4A6297E11C40020000A0DE01 /* TodayViewController.xib in Resources */ = {isa = PBXBuildFile; fileRef = 4A6297DF1C40020000A0DE01 /* TodayViewController.xib */; };
		4A6297E51C40020000A0DE01 /* InfoPlist.strings in Resources */ = {isa = PBXBuildFile; fileRef = 4A6297E31C40020000A0DE01 /* InfoPlist.strings */; };
		4A6297E81C40020000A0DE01 /* RedmineWidgetTodayExtension.appex in Embed App Extensions */ = {isa = PBXBuildFile; fileRef = 4A6297D81C40020000A0DE01 /* RedmineWidgetTodayExtension.appex */; settings = {ATTRIBUTES = (RemoveHeadersOnCopy, ); }; };
		4A6297ED1C40076100A0DE01 /* RedmineSettings.swift in Sources */ = {isa = PBXBuildFile; fileRef = 4A6297D11C3FF8A700A0DE01 /* RedmineSettings.swift */; };
/* End PBXBuildFile section */

/* Begin PBXContainerItemProxy section */
		4A6297A61C3FE5A300A0DE01 /* PBXContainerItemProxy */ = {
			isa = PBXContainerItemProxy;
			containerPortal = 4A62978E1C3FE5A300A0DE01 /* Project object */;
			proxyType = 1;
			remoteGlobalIDString = 4A6297951C3FE5A300A0DE01;
			remoteInfo = RedmineWidget;
		};
		4A6297E61C40020000A0DE01 /* PBXContainerItemProxy */ = {
			isa = PBXContainerItemProxy;
			containerPortal = 4A62978E1C3FE5A300A0DE01 /* Project object */;
			proxyType = 1;
			remoteGlobalIDString = 4A6297D71C40020000A0DE01;
			remoteInfo = RedmineWidgetTodayExtension;
		};
/* End PBXContainerItemProxy section */

/* Begin PBXCopyFilesBuildPhase section */
		4A6297CE1C3FEE3A00A0DE01 /* Embed App Extensions */ = {
			isa = PBXCopyFilesBuildPhase;
			buildActionMask = 2147483647;
			dstPath = "";
			dstSubfolderSpec = 13;
			files = (
				4A6297E81C40020000A0DE01 /* RedmineWidgetTodayExtension.appex in Embed App Extensions */,
			);
			name = "Embed App Extensions";
			runOnlyForDeploymentPostprocessing = 0;
		};
/* End PBXCopyFilesBuildPhase section */

/* Begin PBXFileReference section */
		4A6297961C3FE5A300A0DE01 /* RedmineWidget.app */ = {isa = PBXFileReference; explicitFileType = wrapper.application; includeInIndex = 0; path = RedmineWidget.app; sourceTree = BUILT_PRODUCTS_DIR; };
		4A6297991C3FE5A300A0DE01 /* AppDelegate.swift */ = {isa = PBXFileReference; lastKnownFileType = sourcecode.swift; path = AppDelegate.swift; sourceTree = "<group>"; };
		4A62979B1C3FE5A300A0DE01 /* Assets.xcassets */ = {isa = PBXFileReference; lastKnownFileType = folder.assetcatalog; path = Assets.xcassets; sourceTree = "<group>"; };
		4A62979E1C3FE5A300A0DE01 /* Base */ = {isa = PBXFileReference; lastKnownFileType = file.xib; name = Base; path = Base.lproj/MainMenu.xib; sourceTree = "<group>"; };
		4A6297A01C3FE5A300A0DE01 /* Info.plist */ = {isa = PBXFileReference; lastKnownFileType = text.plist.xml; path = Info.plist; sourceTree = "<group>"; };
		4A6297A51C3FE5A300A0DE01 /* RedmineWidgetTests.xctest */ = {isa = PBXFileReference; explicitFileType = wrapper.cfbundle; includeInIndex = 0; path = RedmineWidgetTests.xctest; sourceTree = BUILT_PRODUCTS_DIR; };
		4A6297A91C3FE5A300A0DE01 /* RedmineWidgetTests.swift */ = {isa = PBXFileReference; lastKnownFileType = sourcecode.swift; path = RedmineWidgetTests.swift; sourceTree = "<group>"; };
		4A6297AB1C3FE5A300A0DE01 /* Info.plist */ = {isa = PBXFileReference; lastKnownFileType = text.plist.xml; path = Info.plist; sourceTree = "<group>"; };
		4A6297BA1C3FEE3A00A0DE01 /* NotificationCenter.framework */ = {isa = PBXFileReference; lastKnownFileType = wrapper.framework; name = NotificationCenter.framework; path = System/Library/Frameworks/NotificationCenter.framework; sourceTree = SDKROOT; };
		4A6297CF1C3FF00F00A0DE01 /* RedmineWidget.entitlements */ = {isa = PBXFileReference; lastKnownFileType = text.xml; path = RedmineWidget.entitlements; sourceTree = "<group>"; };
		4A6297D11C3FF8A700A0DE01 /* RedmineSettings.swift */ = {isa = PBXFileReference; fileEncoding = 4; lastKnownFileType = sourcecode.swift; name = RedmineSettings.swift; path = Common/RedmineSettings.swift; sourceTree = "<group>"; };
		4A6297D81C40020000A0DE01 /* RedmineWidgetTodayExtension.appex */ = {isa = PBXFileReference; explicitFileType = "wrapper.app-extension"; includeInIndex = 0; path = RedmineWidgetTodayExtension.appex; sourceTree = BUILT_PRODUCTS_DIR; };
		4A6297DC1C40020000A0DE01 /* RedmineWidgetTodayExtension.entitlements */ = {isa = PBXFileReference; lastKnownFileType = text.xml; path = RedmineWidgetTodayExtension.entitlements; sourceTree = "<group>"; };
		4A6297DD1C40020000A0DE01 /* TodayViewController.swift */ = {isa = PBXFileReference; lastKnownFileType = sourcecode.swift; path = TodayViewController.swift; sourceTree = "<group>"; };
		4A6297E01C40020000A0DE01 /* Base */ = {isa = PBXFileReference; lastKnownFileType = file.xib; name = Base; path = Base.lproj/TodayViewController.xib; sourceTree = "<group>"; };
		4A6297E21C40020000A0DE01 /* Info.plist */ = {isa = PBXFileReference; lastKnownFileType = text.plist.xml; path = Info.plist; sourceTree = "<group>"; };
		4A6297E41C40020000A0DE01 /* en */ = {isa = PBXFileReference; lastKnownFileType = text.plist.strings; name = en; path = en.lproj/InfoPlist.strings; sourceTree = "<group>"; };
/* End PBXFileReference section */

/* Begin PBXFrameworksBuildPhase section */
		4A6297931C3FE5A300A0DE01 /* Frameworks */ = {
			isa = PBXFrameworksBuildPhase;
			buildActionMask = 2147483647;
			files = (
			);
			runOnlyForDeploymentPostprocessing = 0;
		};
		4A6297A21C3FE5A300A0DE01 /* Frameworks */ = {
			isa = PBXFrameworksBuildPhase;
			buildActionMask = 2147483647;
			files = (
			);
			runOnlyForDeploymentPostprocessing = 0;
		};
		4A6297D51C40020000A0DE01 /* Frameworks */ = {
			isa = PBXFrameworksBuildPhase;
			buildActionMask = 2147483647;
			files = (
				4A6297D91C40020000A0DE01 /* NotificationCenter.framework in Frameworks */,
			);
			runOnlyForDeploymentPostprocessing = 0;
		};
/* End PBXFrameworksBuildPhase section */

/* Begin PBXGroup section */
		4A62978D1C3FE5A300A0DE01 = {
			isa = PBXGroup;
			children = (
				4A6297D01C3FF84100A0DE01 /* Common */,
				4A6297981C3FE5A300A0DE01 /* RedmineWidget */,
				4A6297A81C3FE5A300A0DE01 /* RedmineWidgetTests */,
				4A6297DA1C40020000A0DE01 /* RedmineWidgetTodayExtension */,
				4A6297B91C3FEE3A00A0DE01 /* Frameworks */,
				4A6297971C3FE5A300A0DE01 /* Products */,
			);
			sourceTree = "<group>";
		};
		4A6297971C3FE5A300A0DE01 /* Products */ = {
			isa = PBXGroup;
			children = (
				4A6297961C3FE5A300A0DE01 /* RedmineWidget.app */,
				4A6297A51C3FE5A300A0DE01 /* RedmineWidgetTests.xctest */,
				4A6297D81C40020000A0DE01 /* RedmineWidgetTodayExtension.appex */,
			);
			name = Products;
			sourceTree = "<group>";
		};
		4A6297981C3FE5A300A0DE01 /* RedmineWidget */ = {
			isa = PBXGroup;
			children = (
				4A6297CF1C3FF00F00A0DE01 /* RedmineWidget.entitlements */,
				4A6297991C3FE5A300A0DE01 /* AppDelegate.swift */,
				4A62979B1C3FE5A300A0DE01 /* Assets.xcassets */,
				4A62979D1C3FE5A300A0DE01 /* MainMenu.xib */,
				4A6297A01C3FE5A300A0DE01 /* Info.plist */,
			);
			path = RedmineWidget;
			sourceTree = "<group>";
		};
		4A6297A81C3FE5A300A0DE01 /* RedmineWidgetTests */ = {
			isa = PBXGroup;
			children = (
				4A6297A91C3FE5A300A0DE01 /* RedmineWidgetTests.swift */,
				4A6297AB1C3FE5A300A0DE01 /* Info.plist */,
			);
			path = RedmineWidgetTests;
			sourceTree = "<group>";
		};
		4A6297B91C3FEE3A00A0DE01 /* Frameworks */ = {
			isa = PBXGroup;
			children = (
				4A6297BA1C3FEE3A00A0DE01 /* NotificationCenter.framework */,
			);
			name = Frameworks;
			sourceTree = "<group>";
		};
		4A6297D01C3FF84100A0DE01 /* Common */ = {
			isa = PBXGroup;
			children = (
				4A6297D11C3FF8A700A0DE01 /* RedmineSettings.swift */,
			);
			name = Common;
			sourceTree = "<group>";
		};
		4A6297DA1C40020000A0DE01 /* RedmineWidgetTodayExtension */ = {
			isa = PBXGroup;
			children = (
				4A6297DD1C40020000A0DE01 /* TodayViewController.swift */,
				4A6297DF1C40020000A0DE01 /* TodayViewController.xib */,
				4A6297E21C40020000A0DE01 /* Info.plist */,
				4A6297E31C40020000A0DE01 /* InfoPlist.strings */,
				4A6297DB1C40020000A0DE01 /* Supporting Files */,
			);
			path = RedmineWidgetTodayExtension;
			sourceTree = "<group>";
		};
		4A6297DB1C40020000A0DE01 /* Supporting Files */ = {
			isa = PBXGroup;
			children = (
				4A6297DC1C40020000A0DE01 /* RedmineWidgetTodayExtension.entitlements */,
			);
			name = "Supporting Files";
			sourceTree = "<group>";
		};
/* End PBXGroup section */

/* Begin PBXNativeTarget section */
		4A6297951C3FE5A300A0DE01 /* RedmineWidget */ = {
			isa = PBXNativeTarget;
			buildConfigurationList = 4A6297AE1C3FE5A300A0DE01 /* Build configuration list for PBXNativeTarget "RedmineWidget" */;
			buildPhases = (
				4A6297921C3FE5A300A0DE01 /* Sources */,
				4A6297931C3FE5A300A0DE01 /* Frameworks */,
				4A6297941C3FE5A300A0DE01 /* Resources */,
				4A6297CE1C3FEE3A00A0DE01 /* Embed App Extensions */,
			);
			buildRules = (
			);
			dependencies = (
				4A6297E71C40020000A0DE01 /* PBXTargetDependency */,
			);
			name = RedmineWidget;
			productName = RedmineWidget;
			productReference = 4A6297961C3FE5A300A0DE01 /* RedmineWidget.app */;
			productType = "com.apple.product-type.application";
		};
		4A6297A41C3FE5A300A0DE01 /* RedmineWidgetTests */ = {
			isa = PBXNativeTarget;
			buildConfigurationList = 4A6297B11C3FE5A300A0DE01 /* Build configuration list for PBXNativeTarget "RedmineWidgetTests" */;
			buildPhases = (
				4A6297A11C3FE5A300A0DE01 /* Sources */,
				4A6297A21C3FE5A300A0DE01 /* Frameworks */,
				4A6297A31C3FE5A300A0DE01 /* Resources */,
			);
			buildRules = (
			);
			dependencies = (
				4A6297A71C3FE5A300A0DE01 /* PBXTargetDependency */,
			);
			name = RedmineWidgetTests;
			productName = RedmineWidgetTests;
			productReference = 4A6297A51C3FE5A300A0DE01 /* RedmineWidgetTests.xctest */;
			productType = "com.apple.product-type.bundle.unit-test";
		};
		4A6297D71C40020000A0DE01 /* RedmineWidgetTodayExtension */ = {
			isa = PBXNativeTarget;
			buildConfigurationList = 4A6297E91C40020000A0DE01 /* Build configuration list for PBXNativeTarget "RedmineWidgetTodayExtension" */;
			buildPhases = (
				4A6297D41C40020000A0DE01 /* Sources */,
				4A6297D51C40020000A0DE01 /* Frameworks */,
				4A6297D61C40020000A0DE01 /* Resources */,
			);
			buildRules = (
			);
			dependencies = (
			);
			name = RedmineWidgetTodayExtension;
			productName = RedmineWidgetTodayExtension;
			productReference = 4A6297D81C40020000A0DE01 /* RedmineWidgetTodayExtension.appex */;
			productType = "com.apple.product-type.app-extension";
		};
/* End PBXNativeTarget section */

/* Begin PBXProject section */
		4A62978E1C3FE5A300A0DE01 /* Project object */ = {
			isa = PBXProject;
			attributes = {
				LastSwiftUpdateCheck = 0720;
				LastUpgradeCheck = 0720;
				ORGANIZATIONNAME = "Philippe Hässig";
				TargetAttributes = {
					4A6297951C3FE5A300A0DE01 = {
						CreatedOnToolsVersion = 7.2;
						SystemCapabilities = {
							com.apple.ApplicationGroups.Mac = {
								enabled = 1;
							};
						};
					};
					4A6297A41C3FE5A300A0DE01 = {
						CreatedOnToolsVersion = 7.2;
						TestTargetID = 4A6297951C3FE5A300A0DE01;
					};
					4A6297D71C40020000A0DE01 = {
						CreatedOnToolsVersion = 7.2;
						SystemCapabilities = {
							com.apple.ApplicationGroups.Mac = {
								enabled = 1;
							};
						};
					};
				};
			};
			buildConfigurationList = 4A6297911C3FE5A300A0DE01 /* Build configuration list for PBXProject "RedmineWidget" */;
			compatibilityVersion = "Xcode 3.2";
			developmentRegion = English;
			hasScannedForEncodings = 0;
			knownRegions = (
				en,
				Base,
			);
			mainGroup = 4A62978D1C3FE5A300A0DE01;
			productRefGroup = 4A6297971C3FE5A300A0DE01 /* Products */;
			projectDirPath = "";
			projectRoot = "";
			targets = (
				4A6297951C3FE5A300A0DE01 /* RedmineWidget */,
				4A6297A41C3FE5A300A0DE01 /* RedmineWidgetTests */,
				4A6297D71C40020000A0DE01 /* RedmineWidgetTodayExtension */,
			);
		};
/* End PBXProject section */

/* Begin PBXResourcesBuildPhase section */
		4A6297941C3FE5A300A0DE01 /* Resources */ = {
			isa = PBXResourcesBuildPhase;
			buildActionMask = 2147483647;
			files = (
				4A62979C1C3FE5A300A0DE01 /* Assets.xcassets in Resources */,
				4A62979F1C3FE5A300A0DE01 /* MainMenu.xib in Resources */,
			);
			runOnlyForDeploymentPostprocessing = 0;
		};
		4A6297A31C3FE5A300A0DE01 /* Resources */ = {
			isa = PBXResourcesBuildPhase;
			buildActionMask = 2147483647;
			files = (
			);
			runOnlyForDeploymentPostprocessing = 0;
		};
		4A6297D61C40020000A0DE01 /* Resources */ = {
			isa = PBXResourcesBuildPhase;
			buildActionMask = 2147483647;
			files = (
				4A6297E11C40020000A0DE01 /* TodayViewController.xib in Resources */,
				4A6297E51C40020000A0DE01 /* InfoPlist.strings in Resources */,
			);
			runOnlyForDeploymentPostprocessing = 0;
		};
/* End PBXResourcesBuildPhase section */

/* Begin PBXSourcesBuildPhase section */
		4A6297921C3FE5A300A0DE01 /* Sources */ = {
			isa = PBXSourcesBuildPhase;
			buildActionMask = 2147483647;
			files = (
				4A62979A1C3FE5A300A0DE01 /* AppDelegate.swift in Sources */,
				4A6297D21C3FF8A700A0DE01 /* RedmineSettings.swift in Sources */,
			);
			runOnlyForDeploymentPostprocessing = 0;
		};
		4A6297A11C3FE5A300A0DE01 /* Sources */ = {
			isa = PBXSourcesBuildPhase;
			buildActionMask = 2147483647;
			files = (
				4A6297AA1C3FE5A300A0DE01 /* RedmineWidgetTests.swift in Sources */,
			);
			runOnlyForDeploymentPostprocessing = 0;
		};
		4A6297D41C40020000A0DE01 /* Sources */ = {
			isa = PBXSourcesBuildPhase;
			buildActionMask = 2147483647;
			files = (
				4A6297ED1C40076100A0DE01 /* RedmineSettings.swift in Sources */,
				4A6297DE1C40020000A0DE01 /* TodayViewController.swift in Sources */,
			);
			runOnlyForDeploymentPostprocessing = 0;
		};
/* End PBXSourcesBuildPhase section */

/* Begin PBXTargetDependency section */
		4A6297A71C3FE5A300A0DE01 /* PBXTargetDependency */ = {
			isa = PBXTargetDependency;
			target = 4A6297951C3FE5A300A0DE01 /* RedmineWidget */;
			targetProxy = 4A6297A61C3FE5A300A0DE01 /* PBXContainerItemProxy */;
		};
		4A6297E71C40020000A0DE01 /* PBXTargetDependency */ = {
			isa = PBXTargetDependency;
			target = 4A6297D71C40020000A0DE01 /* RedmineWidgetTodayExtension */;
			targetProxy = 4A6297E61C40020000A0DE01 /* PBXContainerItemProxy */;
		};
/* End PBXTargetDependency section */

/* Begin PBXVariantGroup section */
		4A62979D1C3FE5A300A0DE01 /* MainMenu.xib */ = {
			isa = PBXVariantGroup;
			children = (
				4A62979E1C3FE5A300A0DE01 /* Base */,
			);
			name = MainMenu.xib;
			sourceTree = "<group>";
		};
		4A6297DF1C40020000A0DE01 /* TodayViewController.xib */ = {
			isa = PBXVariantGroup;
			children = (
				4A6297E01C40020000A0DE01 /* Base */,
			);
			name = TodayViewController.xib;
			sourceTree = "<group>";
		};
		4A6297E31C40020000A0DE01 /* InfoPlist.strings */ = {
			isa = PBXVariantGroup;
			children = (
				4A6297E41C40020000A0DE01 /* en */,
			);
			name = InfoPlist.strings;
			sourceTree = "<group>";
		};
/* End PBXVariantGroup section */

/* Begin XCBuildConfiguration section */
		4A6297AC1C3FE5A300A0DE01 /* Debug */ = {
			isa = XCBuildConfiguration;
			buildSettings = {
				ALWAYS_SEARCH_USER_PATHS = NO;
				CLANG_CXX_LANGUAGE_STANDARD = "gnu++0x";
				CLANG_CXX_LIBRARY = "libc++";
				CLANG_ENABLE_MODULES = YES;
				CLANG_ENABLE_OBJC_ARC = YES;
				CLANG_WARN_BOOL_CONVERSION = YES;
				CLANG_WARN_CONSTANT_CONVERSION = YES;
				CLANG_WARN_DIRECT_OBJC_ISA_USAGE = YES_ERROR;
				CLANG_WARN_EMPTY_BODY = YES;
				CLANG_WARN_ENUM_CONVERSION = YES;
				CLANG_WARN_INT_CONVERSION = YES;
				CLANG_WARN_OBJC_ROOT_CLASS = YES_ERROR;
				CLANG_WARN_UNREACHABLE_CODE = YES;
				CLANG_WARN__DUPLICATE_METHOD_MATCH = YES;
				CODE_SIGN_IDENTITY = "-";
				COPY_PHASE_STRIP = NO;
				DEBUG_INFORMATION_FORMAT = dwarf;
				ENABLE_STRICT_OBJC_MSGSEND = YES;
				ENABLE_TESTABILITY = YES;
				GCC_C_LANGUAGE_STANDARD = gnu99;
				GCC_DYNAMIC_NO_PIC = NO;
				GCC_NO_COMMON_BLOCKS = YES;
				GCC_OPTIMIZATION_LEVEL = 0;
				GCC_PREPROCESSOR_DEFINITIONS = (
					"DEBUG=1",
					"$(inherited)",
				);
				GCC_WARN_64_TO_32_BIT_CONVERSION = YES;
				GCC_WARN_ABOUT_RETURN_TYPE = YES_ERROR;
				GCC_WARN_UNDECLARED_SELECTOR = YES;
				GCC_WARN_UNINITIALIZED_AUTOS = YES_AGGRESSIVE;
				GCC_WARN_UNUSED_FUNCTION = YES;
				GCC_WARN_UNUSED_VARIABLE = YES;
				MACOSX_DEPLOYMENT_TARGET = 10.11;
				MTL_ENABLE_DEBUG_INFO = YES;
				ONLY_ACTIVE_ARCH = YES;
				SDKROOT = macosx;
				SWIFT_OPTIMIZATION_LEVEL = "-Onone";
			};
			name = Debug;
		};
		4A6297AD1C3FE5A300A0DE01 /* Release */ = {
			isa = XCBuildConfiguration;
			buildSettings = {
				ALWAYS_SEARCH_USER_PATHS = NO;
				CLANG_CXX_LANGUAGE_STANDARD = "gnu++0x";
				CLANG_CXX_LIBRARY = "libc++";
				CLANG_ENABLE_MODULES = YES;
				CLANG_ENABLE_OBJC_ARC = YES;
				CLANG_WARN_BOOL_CONVERSION = YES;
				CLANG_WARN_CONSTANT_CONVERSION = YES;
				CLANG_WARN_DIRECT_OBJC_ISA_USAGE = YES_ERROR;
				CLANG_WARN_EMPTY_BODY = YES;
				CLANG_WARN_ENUM_CONVERSION = YES;
				CLANG_WARN_INT_CONVERSION = YES;
				CLANG_WARN_OBJC_ROOT_CLASS = YES_ERROR;
				CLANG_WARN_UNREACHABLE_CODE = YES;
				CLANG_WARN__DUPLICATE_METHOD_MATCH = YES;
				CODE_SIGN_IDENTITY = "-";
				COPY_PHASE_STRIP = NO;
				DEBUG_INFORMATION_FORMAT = "dwarf-with-dsym";
				ENABLE_NS_ASSERTIONS = NO;
				ENABLE_STRICT_OBJC_MSGSEND = YES;
				GCC_C_LANGUAGE_STANDARD = gnu99;
				GCC_NO_COMMON_BLOCKS = YES;
				GCC_WARN_64_TO_32_BIT_CONVERSION = YES;
				GCC_WARN_ABOUT_RETURN_TYPE = YES_ERROR;
				GCC_WARN_UNDECLARED_SELECTOR = YES;
				GCC_WARN_UNINITIALIZED_AUTOS = YES_AGGRESSIVE;
				GCC_WARN_UNUSED_FUNCTION = YES;
				GCC_WARN_UNUSED_VARIABLE = YES;
				MACOSX_DEPLOYMENT_TARGET = 10.11;
				MTL_ENABLE_DEBUG_INFO = NO;
				SDKROOT = macosx;
			};
			name = Release;
		};
		4A6297AF1C3FE5A300A0DE01 /* Debug */ = {
			isa = XCBuildConfiguration;
			buildSettings = {
				ASSETCATALOG_COMPILER_APPICON_NAME = AppIcon;
				CODE_SIGN_ENTITLEMENTS = RedmineWidget/RedmineWidget.entitlements;
				COMBINE_HIDPI_IMAGES = YES;
				EMBEDDED_CONTENT_CONTAINS_SWIFT = YES;
				INFOPLIST_FILE = RedmineWidget/Info.plist;
				LD_RUNPATH_SEARCH_PATHS = "$(inherited) @executable_path/../Frameworks";
				PRODUCT_BUNDLE_IDENTIFIER = ch.neckhair.RedmineWidget;
				PRODUCT_NAME = "$(TARGET_NAME)";
			};
			name = Debug;
		};
		4A6297B01C3FE5A300A0DE01 /* Release */ = {
			isa = XCBuildConfiguration;
			buildSettings = {
				ASSETCATALOG_COMPILER_APPICON_NAME = AppIcon;
				CODE_SIGN_ENTITLEMENTS = RedmineWidget/RedmineWidget.entitlements;
				COMBINE_HIDPI_IMAGES = YES;
				EMBEDDED_CONTENT_CONTAINS_SWIFT = YES;
				INFOPLIST_FILE = RedmineWidget/Info.plist;
				LD_RUNPATH_SEARCH_PATHS = "$(inherited) @executable_path/../Frameworks";
				PRODUCT_BUNDLE_IDENTIFIER = ch.neckhair.RedmineWidget;
				PRODUCT_NAME = "$(TARGET_NAME)";
			};
			name = Release;
		};
		4A6297B21C3FE5A300A0DE01 /* Debug */ = {
			isa = XCBuildConfiguration;
			buildSettings = {
				BUNDLE_LOADER = "$(TEST_HOST)";
				COMBINE_HIDPI_IMAGES = YES;
				INFOPLIST_FILE = RedmineWidgetTests/Info.plist;
				LD_RUNPATH_SEARCH_PATHS = "$(inherited) @executable_path/../Frameworks @loader_path/../Frameworks";
				PRODUCT_BUNDLE_IDENTIFIER = ch.neckhair.RedmineWidgetTests;
				PRODUCT_NAME = "$(TARGET_NAME)";
				TEST_HOST = "$(BUILT_PRODUCTS_DIR)/RedmineWidget.app/Contents/MacOS/RedmineWidget";
			};
			name = Debug;
		};
		4A6297B31C3FE5A300A0DE01 /* Release */ = {
			isa = XCBuildConfiguration;
			buildSettings = {
				BUNDLE_LOADER = "$(TEST_HOST)";
				COMBINE_HIDPI_IMAGES = YES;
				INFOPLIST_FILE = RedmineWidgetTests/Info.plist;
				LD_RUNPATH_SEARCH_PATHS = "$(inherited) @executable_path/../Frameworks @loader_path/../Frameworks";
				PRODUCT_BUNDLE_IDENTIFIER = ch.neckhair.RedmineWidgetTests;
				PRODUCT_NAME = "$(TARGET_NAME)";
				TEST_HOST = "$(BUILT_PRODUCTS_DIR)/RedmineWidget.app/Contents/MacOS/RedmineWidget";
			};
			name = Release;
		};
		4A6297EA1C40020000A0DE01 /* Debug */ = {
			isa = XCBuildConfiguration;
			buildSettings = {
				CODE_SIGN_ENTITLEMENTS = RedmineWidgetTodayExtension/RedmineWidgetTodayExtension.entitlements;
				COMBINE_HIDPI_IMAGES = YES;
				INFOPLIST_FILE = RedmineWidgetTodayExtension/Info.plist;
				LD_RUNPATH_SEARCH_PATHS = "$(inherited) @executable_path/../Frameworks @executable_path/../../../../Frameworks";
				PRODUCT_BUNDLE_IDENTIFIER = ch.neckhair.RedmineWidget.RedmineWidgetTodayExtension;
				PRODUCT_NAME = "$(TARGET_NAME)";
				SKIP_INSTALL = YES;
			};
			name = Debug;
		};
		4A6297EB1C40020000A0DE01 /* Release */ = {
			isa = XCBuildConfiguration;
			buildSettings = {
				CODE_SIGN_ENTITLEMENTS = RedmineWidgetTodayExtension/RedmineWidgetTodayExtension.entitlements;
				COMBINE_HIDPI_IMAGES = YES;
				INFOPLIST_FILE = RedmineWidgetTodayExtension/Info.plist;
				LD_RUNPATH_SEARCH_PATHS = "$(inherited) @executable_path/../Frameworks @executable_path/../../../../Frameworks";
				PRODUCT_BUNDLE_IDENTIFIER = ch.neckhair.RedmineWidget.RedmineWidgetTodayExtension;
				PRODUCT_NAME = "$(TARGET_NAME)";
				SKIP_INSTALL = YES;
			};
			name = Release;
		};
/* End XCBuildConfiguration section */

/* Begin XCConfigurationList section */
		4A6297911C3FE5A300A0DE01 /* Build configuration list for PBXProject "RedmineWidget" */ = {
			isa = XCConfigurationList;
			buildConfigurations = (
				4A6297AC1C3FE5A300A0DE01 /* Debug */,
				4A6297AD1C3FE5A300A0DE01 /* Release */,
			);
			defaultConfigurationIsVisible = 0;
			defaultConfigurationName = Release;
		};
		4A6297AE1C3FE5A300A0DE01 /* Build configuration list for PBXNativeTarget "RedmineWidget" */ = {
			isa = XCConfigurationList;
			buildConfigurations = (
				4A6297AF1C3FE5A300A0DE01 /* Debug */,
				4A6297B01C3FE5A300A0DE01 /* Release */,
			);
			defaultConfigurationIsVisible = 0;
			defaultConfigurationName = Release;
		};
		4A6297B11C3FE5A300A0DE01 /* Build configuration list for PBXNativeTarget "RedmineWidgetTests" */ = {
			isa = XCConfigurationList;
			buildConfigurations = (
				4A6297B21C3FE5A300A0DE01 /* Debug */,
				4A6297B31C3FE5A300A0DE01 /* Release */,
			);
			defaultConfigurationIsVisible = 0;
			defaultConfigurationName = Release;
		};
		4A6297E91C40020000A0DE01 /* Build configuration list for PBXNativeTarget "RedmineWidgetTodayExtension" */ = {
			isa = XCConfigurationList;
			buildConfigurations = (
				4A6297EA1C40020000A0DE01 /* Debug */,
				4A6297EB1C40020000A0DE01 /* Release */,
			);
			defaultConfigurationIsVisible = 0;
			defaultConfigurationName = Release;
		};
/* End XCConfigurationList section */
	};
	rootObject = 4A62978E1C3FE5A300A0DE01 /* Project object */;
}
